
Microsoft Visual Studio Solution File, Format Version 12.00
# Visual Studio 15
VisualStudioVersion = 15.0.27130.2010
MinimumVisualStudioVersion = 10.0.40219.1
Project("{FAE04EC0-301F-11D3-BF4B-00C04F79EFBC}") = "IBbasic.Android", "IBbasic\IBbasic.Android\IBbasic.Android.csproj", "{F77385E0-FB4F-4D0F-A9C9-0CE8CAF24DC8}"
EndProject
Project("{FAE04EC0-301F-11D3-BF4B-00C04F79EFBC}") = "IBbasic.iOS", "IBbasic\IBbasic.iOS\IBbasic.iOS.csproj", "{67ABAF57-EA7A-4E2E-A89C-23654294D9EC}"
EndProject
Project("{FAE04EC0-301F-11D3-BF4B-00C04F79EFBC}") = "IBbasic.UWP", "IBbasic\IBbasic.UWP\IBbasic.UWP.csproj", "{3556C630-B08A-4118-A9E2-5670E5645D2E}"
EndProject
Project("{D954291E-2A0B-460D-934E-DC6B0785DB48}") = "IBbasic", "IBbasic\IBbasic\IBbasic.shproj", "{8F8004FF-344F-45CD-B8E0-4C78FC80F693}"
EndProject
Project("{FAE04EC0-301F-11D3-BF4B-00C04F79EFBC}") = "Raventhal.Android", "IBbasic\Raventhal.Android\Raventhal.Android.csproj", "{C009580B-0094-40D4-A332-C6E3C6242AD4}"
EndProject
Project("{FAE04EC0-301F-11D3-BF4B-00C04F79EFBC}") = "Raventhal.iOS", "IBbasic\Raventhal.iOS\Raventhal.iOS.csproj", "{F8CC1138-7848-4BB9-9D66-8C5F25154900}"
EndProject
Project("{FAE04EC0-301F-11D3-BF4B-00C04F79EFBC}") = "ElderinStone.Android", "IBbasic\ElderinStone.Android\ElderinStone.Android.csproj", "{187CD6E9-5C5E-49C3-A316-430361ACA096}"
EndProject
Project("{FAE04EC0-301F-11D3-BF4B-00C04F79EFBC}") = "ElderinStone.iOS", "IBbasic\ElderinStone.iOS\ElderinStone.iOS.csproj", "{ECAEB9A3-4EEA-4ED3-8829-A5E7F25112E5}"
EndProject
Project("{FAE04EC0-301F-11D3-BF4B-00C04F79EFBC}") = "LanternaExile.Android", "IBbasic\LanternaExile.Android\LanternaExile.Android.csproj", "{FBCBF6F5-B0CD-4B7B-AAE5-A7B736BE589D}"
EndProject
Project("{FAE04EC0-301F-11D3-BF4B-00C04F79EFBC}") = "LanternaExile.iOS", "IBbasic\LanternaExile.iOS\LanternaExile.iOS.csproj", "{F572A597-1E99-4856-BC7D-C59CA8045CC1}"
EndProject
Global
	GlobalSection(SharedMSBuildProjectFiles) = preSolution
		IBbasic\IBbasic\IBbasic.projitems*{187cd6e9-5c5e-49c3-a316-430361aca096}*SharedItemsImports = 4
		IBbasic\IBbasic\IBbasic.projitems*{3556c630-b08a-4118-a9e2-5670e5645d2e}*SharedItemsImports = 4
		IBbasic\IBbasic\IBbasic.projitems*{67abaf57-ea7a-4e2e-a89c-23654294d9ec}*SharedItemsImports = 4
		IBbasic\IBbasic\IBbasic.projitems*{8f8004ff-344f-45cd-b8e0-4c78fc80f693}*SharedItemsImports = 13
		IBbasic\IBbasic\IBbasic.projitems*{c009580b-0094-40d4-a332-c6e3c6242ad4}*SharedItemsImports = 4
		IBbasic\IBbasic\IBbasic.projitems*{ecaeb9a3-4eea-4ed3-8829-a5e7f25112e5}*SharedItemsImports = 4
		IBbasic\IBbasic\IBbasic.projitems*{f572a597-1e99-4856-bc7d-c59ca8045cc1}*SharedItemsImports = 4
		IBbasic\IBbasic\IBbasic.projitems*{f77385e0-fb4f-4d0f-a9c9-0ce8caf24dc8}*SharedItemsImports = 4
		IBbasic\IBbasic\IBbasic.projitems*{f8cc1138-7848-4bb9-9d66-8c5f25154900}*SharedItemsImports = 4
		IBbasic\IBbasic\IBbasic.projitems*{fbcbf6f5-b0cd-4b7b-aae5-a7b736be589d}*SharedItemsImports = 4
	EndGlobalSection
	GlobalSection(SolutionConfigurationPlatforms) = preSolution
		Ad-Hoc|Any CPU = Ad-Hoc|Any CPU
		Ad-Hoc|ARM = Ad-Hoc|ARM
		Ad-Hoc|iPhone = Ad-Hoc|iPhone
		Ad-Hoc|iPhoneSimulator = Ad-Hoc|iPhoneSimulator
		Ad-Hoc|x64 = Ad-Hoc|x64
		Ad-Hoc|x86 = Ad-Hoc|x86
		AppStore|Any CPU = AppStore|Any CPU
		AppStore|ARM = AppStore|ARM
		AppStore|iPhone = AppStore|iPhone
		AppStore|iPhoneSimulator = AppStore|iPhoneSimulator
		AppStore|x64 = AppStore|x64
		AppStore|x86 = AppStore|x86
		Debug|Any CPU = Debug|Any CPU
		Debug|ARM = Debug|ARM
		Debug|iPhone = Debug|iPhone
		Debug|iPhoneSimulator = Debug|iPhoneSimulator
		Debug|x64 = Debug|x64
		Debug|x86 = Debug|x86
		Release|Any CPU = Release|Any CPU
		Release|ARM = Release|ARM
		Release|iPhone = Release|iPhone
		Release|iPhoneSimulator = Release|iPhoneSimulator
		Release|x64 = Release|x64
		Release|x86 = Release|x86
	EndGlobalSection
	GlobalSection(ProjectConfigurationPlatforms) = postSolution
		{F77385E0-FB4F-4D0F-A9C9-0CE8CAF24DC8}.Ad-Hoc|Any CPU.ActiveCfg = Release|Any CPU
		{F77385E0-FB4F-4D0F-A9C9-0CE8CAF24DC8}.Ad-Hoc|Any CPU.Build.0 = Release|Any CPU
		{F77385E0-FB4F-4D0F-A9C9-0CE8CAF24DC8}.Ad-Hoc|Any CPU.Deploy.0 = Release|Any CPU
		{F77385E0-FB4F-4D0F-A9C9-0CE8CAF24DC8}.Ad-Hoc|ARM.ActiveCfg = Release|Any CPU
		{F77385E0-FB4F-4D0F-A9C9-0CE8CAF24DC8}.Ad-Hoc|ARM.Build.0 = Release|Any CPU
		{F77385E0-FB4F-4D0F-A9C9-0CE8CAF24DC8}.Ad-Hoc|ARM.Deploy.0 = Release|Any CPU
		{F77385E0-FB4F-4D0F-A9C9-0CE8CAF24DC8}.Ad-Hoc|iPhone.ActiveCfg = Release|Any CPU
		{F77385E0-FB4F-4D0F-A9C9-0CE8CAF24DC8}.Ad-Hoc|iPhone.Build.0 = Release|Any CPU
		{F77385E0-FB4F-4D0F-A9C9-0CE8CAF24DC8}.Ad-Hoc|iPhone.Deploy.0 = Release|Any CPU
		{F77385E0-FB4F-4D0F-A9C9-0CE8CAF24DC8}.Ad-Hoc|iPhoneSimulator.ActiveCfg = Release|Any CPU
		{F77385E0-FB4F-4D0F-A9C9-0CE8CAF24DC8}.Ad-Hoc|iPhoneSimulator.Build.0 = Release|Any CPU
		{F77385E0-FB4F-4D0F-A9C9-0CE8CAF24DC8}.Ad-Hoc|iPhoneSimulator.Deploy.0 = Release|Any CPU
		{F77385E0-FB4F-4D0F-A9C9-0CE8CAF24DC8}.Ad-Hoc|x64.ActiveCfg = Release|Any CPU
		{F77385E0-FB4F-4D0F-A9C9-0CE8CAF24DC8}.Ad-Hoc|x64.Build.0 = Release|Any CPU
		{F77385E0-FB4F-4D0F-A9C9-0CE8CAF24DC8}.Ad-Hoc|x64.Deploy.0 = Release|Any CPU
		{F77385E0-FB4F-4D0F-A9C9-0CE8CAF24DC8}.Ad-Hoc|x86.ActiveCfg = Release|Any CPU
		{F77385E0-FB4F-4D0F-A9C9-0CE8CAF24DC8}.Ad-Hoc|x86.Build.0 = Release|Any CPU
		{F77385E0-FB4F-4D0F-A9C9-0CE8CAF24DC8}.Ad-Hoc|x86.Deploy.0 = Release|Any CPU
		{F77385E0-FB4F-4D0F-A9C9-0CE8CAF24DC8}.AppStore|Any CPU.ActiveCfg = Release|Any CPU
		{F77385E0-FB4F-4D0F-A9C9-0CE8CAF24DC8}.AppStore|Any CPU.Build.0 = Release|Any CPU
		{F77385E0-FB4F-4D0F-A9C9-0CE8CAF24DC8}.AppStore|Any CPU.Deploy.0 = Release|Any CPU
		{F77385E0-FB4F-4D0F-A9C9-0CE8CAF24DC8}.AppStore|ARM.ActiveCfg = Release|Any CPU
		{F77385E0-FB4F-4D0F-A9C9-0CE8CAF24DC8}.AppStore|ARM.Build.0 = Release|Any CPU
		{F77385E0-FB4F-4D0F-A9C9-0CE8CAF24DC8}.AppStore|ARM.Deploy.0 = Release|Any CPU
		{F77385E0-FB4F-4D0F-A9C9-0CE8CAF24DC8}.AppStore|iPhone.ActiveCfg = Release|Any CPU
		{F77385E0-FB4F-4D0F-A9C9-0CE8CAF24DC8}.AppStore|iPhone.Build.0 = Release|Any CPU
		{F77385E0-FB4F-4D0F-A9C9-0CE8CAF24DC8}.AppStore|iPhone.Deploy.0 = Release|Any CPU
		{F77385E0-FB4F-4D0F-A9C9-0CE8CAF24DC8}.AppStore|iPhoneSimulator.ActiveCfg = Release|Any CPU
		{F77385E0-FB4F-4D0F-A9C9-0CE8CAF24DC8}.AppStore|iPhoneSimulator.Build.0 = Release|Any CPU
		{F77385E0-FB4F-4D0F-A9C9-0CE8CAF24DC8}.AppStore|iPhoneSimulator.Deploy.0 = Release|Any CPU
		{F77385E0-FB4F-4D0F-A9C9-0CE8CAF24DC8}.AppStore|x64.ActiveCfg = Release|Any CPU
		{F77385E0-FB4F-4D0F-A9C9-0CE8CAF24DC8}.AppStore|x64.Build.0 = Release|Any CPU
		{F77385E0-FB4F-4D0F-A9C9-0CE8CAF24DC8}.AppStore|x64.Deploy.0 = Release|Any CPU
		{F77385E0-FB4F-4D0F-A9C9-0CE8CAF24DC8}.AppStore|x86.ActiveCfg = Release|Any CPU
		{F77385E0-FB4F-4D0F-A9C9-0CE8CAF24DC8}.AppStore|x86.Build.0 = Release|Any CPU
		{F77385E0-FB4F-4D0F-A9C9-0CE8CAF24DC8}.AppStore|x86.Deploy.0 = Release|Any CPU
		{F77385E0-FB4F-4D0F-A9C9-0CE8CAF24DC8}.Debug|Any CPU.ActiveCfg = Debug|Any CPU
		{F77385E0-FB4F-4D0F-A9C9-0CE8CAF24DC8}.Debug|Any CPU.Build.0 = Debug|Any CPU
		{F77385E0-FB4F-4D0F-A9C9-0CE8CAF24DC8}.Debug|Any CPU.Deploy.0 = Debug|Any CPU
		{F77385E0-FB4F-4D0F-A9C9-0CE8CAF24DC8}.Debug|ARM.ActiveCfg = Debug|Any CPU
		{F77385E0-FB4F-4D0F-A9C9-0CE8CAF24DC8}.Debug|ARM.Build.0 = Debug|Any CPU
		{F77385E0-FB4F-4D0F-A9C9-0CE8CAF24DC8}.Debug|ARM.Deploy.0 = Debug|Any CPU
		{F77385E0-FB4F-4D0F-A9C9-0CE8CAF24DC8}.Debug|iPhone.ActiveCfg = Debug|Any CPU
		{F77385E0-FB4F-4D0F-A9C9-0CE8CAF24DC8}.Debug|iPhone.Build.0 = Debug|Any CPU
		{F77385E0-FB4F-4D0F-A9C9-0CE8CAF24DC8}.Debug|iPhone.Deploy.0 = Debug|Any CPU
		{F77385E0-FB4F-4D0F-A9C9-0CE8CAF24DC8}.Debug|iPhoneSimulator.ActiveCfg = Debug|Any CPU
		{F77385E0-FB4F-4D0F-A9C9-0CE8CAF24DC8}.Debug|iPhoneSimulator.Build.0 = Debug|Any CPU
		{F77385E0-FB4F-4D0F-A9C9-0CE8CAF24DC8}.Debug|iPhoneSimulator.Deploy.0 = Debug|Any CPU
		{F77385E0-FB4F-4D0F-A9C9-0CE8CAF24DC8}.Debug|x64.ActiveCfg = Debug|Any CPU
		{F77385E0-FB4F-4D0F-A9C9-0CE8CAF24DC8}.Debug|x64.Build.0 = Debug|Any CPU
		{F77385E0-FB4F-4D0F-A9C9-0CE8CAF24DC8}.Debug|x64.Deploy.0 = Debug|Any CPU
		{F77385E0-FB4F-4D0F-A9C9-0CE8CAF24DC8}.Debug|x86.ActiveCfg = Debug|Any CPU
		{F77385E0-FB4F-4D0F-A9C9-0CE8CAF24DC8}.Debug|x86.Build.0 = Debug|Any CPU
		{F77385E0-FB4F-4D0F-A9C9-0CE8CAF24DC8}.Debug|x86.Deploy.0 = Debug|Any CPU
		{F77385E0-FB4F-4D0F-A9C9-0CE8CAF24DC8}.Release|Any CPU.ActiveCfg = Release|Any CPU
		{F77385E0-FB4F-4D0F-A9C9-0CE8CAF24DC8}.Release|Any CPU.Build.0 = Release|Any CPU
		{F77385E0-FB4F-4D0F-A9C9-0CE8CAF24DC8}.Release|Any CPU.Deploy.0 = Release|Any CPU
		{F77385E0-FB4F-4D0F-A9C9-0CE8CAF24DC8}.Release|ARM.ActiveCfg = Release|Any CPU
		{F77385E0-FB4F-4D0F-A9C9-0CE8CAF24DC8}.Release|ARM.Build.0 = Release|Any CPU
		{F77385E0-FB4F-4D0F-A9C9-0CE8CAF24DC8}.Release|ARM.Deploy.0 = Release|Any CPU
		{F77385E0-FB4F-4D0F-A9C9-0CE8CAF24DC8}.Release|iPhone.ActiveCfg = Release|Any CPU
		{F77385E0-FB4F-4D0F-A9C9-0CE8CAF24DC8}.Release|iPhone.Build.0 = Release|Any CPU
		{F77385E0-FB4F-4D0F-A9C9-0CE8CAF24DC8}.Release|iPhone.Deploy.0 = Release|Any CPU
		{F77385E0-FB4F-4D0F-A9C9-0CE8CAF24DC8}.Release|iPhoneSimulator.ActiveCfg = Release|Any CPU
		{F77385E0-FB4F-4D0F-A9C9-0CE8CAF24DC8}.Release|iPhoneSimulator.Build.0 = Release|Any CPU
		{F77385E0-FB4F-4D0F-A9C9-0CE8CAF24DC8}.Release|iPhoneSimulator.Deploy.0 = Release|Any CPU
		{F77385E0-FB4F-4D0F-A9C9-0CE8CAF24DC8}.Release|x64.ActiveCfg = Release|Any CPU
		{F77385E0-FB4F-4D0F-A9C9-0CE8CAF24DC8}.Release|x64.Build.0 = Release|Any CPU
		{F77385E0-FB4F-4D0F-A9C9-0CE8CAF24DC8}.Release|x64.Deploy.0 = Release|Any CPU
		{F77385E0-FB4F-4D0F-A9C9-0CE8CAF24DC8}.Release|x86.ActiveCfg = Release|Any CPU
		{F77385E0-FB4F-4D0F-A9C9-0CE8CAF24DC8}.Release|x86.Build.0 = Release|Any CPU
		{F77385E0-FB4F-4D0F-A9C9-0CE8CAF24DC8}.Release|x86.Deploy.0 = Release|Any CPU
		{67ABAF57-EA7A-4E2E-A89C-23654294D9EC}.Ad-Hoc|Any CPU.ActiveCfg = Ad-Hoc|iPhone
		{67ABAF57-EA7A-4E2E-A89C-23654294D9EC}.Ad-Hoc|ARM.ActiveCfg = Ad-Hoc|iPhone
		{67ABAF57-EA7A-4E2E-A89C-23654294D9EC}.Ad-Hoc|iPhone.ActiveCfg = Ad-Hoc|iPhone
		{67ABAF57-EA7A-4E2E-A89C-23654294D9EC}.Ad-Hoc|iPhone.Build.0 = Ad-Hoc|iPhone
		{67ABAF57-EA7A-4E2E-A89C-23654294D9EC}.Ad-Hoc|iPhoneSimulator.ActiveCfg = Ad-Hoc|iPhoneSimulator
		{67ABAF57-EA7A-4E2E-A89C-23654294D9EC}.Ad-Hoc|iPhoneSimulator.Build.0 = Ad-Hoc|iPhoneSimulator
		{67ABAF57-EA7A-4E2E-A89C-23654294D9EC}.Ad-Hoc|x64.ActiveCfg = Ad-Hoc|iPhone
		{67ABAF57-EA7A-4E2E-A89C-23654294D9EC}.Ad-Hoc|x86.ActiveCfg = Ad-Hoc|iPhone
		{67ABAF57-EA7A-4E2E-A89C-23654294D9EC}.AppStore|Any CPU.ActiveCfg = AppStore|iPhone
		{67ABAF57-EA7A-4E2E-A89C-23654294D9EC}.AppStore|ARM.ActiveCfg = AppStore|iPhone
		{67ABAF57-EA7A-4E2E-A89C-23654294D9EC}.AppStore|iPhone.ActiveCfg = AppStore|iPhone
		{67ABAF57-EA7A-4E2E-A89C-23654294D9EC}.AppStore|iPhone.Build.0 = AppStore|iPhone
		{67ABAF57-EA7A-4E2E-A89C-23654294D9EC}.AppStore|iPhoneSimulator.ActiveCfg = AppStore|iPhoneSimulator
		{67ABAF57-EA7A-4E2E-A89C-23654294D9EC}.AppStore|iPhoneSimulator.Build.0 = AppStore|iPhoneSimulator
		{67ABAF57-EA7A-4E2E-A89C-23654294D9EC}.AppStore|x64.ActiveCfg = AppStore|iPhone
		{67ABAF57-EA7A-4E2E-A89C-23654294D9EC}.AppStore|x86.ActiveCfg = AppStore|iPhone
		{67ABAF57-EA7A-4E2E-A89C-23654294D9EC}.Debug|Any CPU.ActiveCfg = Debug|iPhone
		{67ABAF57-EA7A-4E2E-A89C-23654294D9EC}.Debug|ARM.ActiveCfg = Debug|iPhone
		{67ABAF57-EA7A-4E2E-A89C-23654294D9EC}.Debug|iPhone.ActiveCfg = Debug|iPhone
		{67ABAF57-EA7A-4E2E-A89C-23654294D9EC}.Debug|iPhone.Build.0 = Debug|iPhone
		{67ABAF57-EA7A-4E2E-A89C-23654294D9EC}.Debug|iPhoneSimulator.ActiveCfg = Debug|iPhoneSimulator
		{67ABAF57-EA7A-4E2E-A89C-23654294D9EC}.Debug|iPhoneSimulator.Build.0 = Debug|iPhoneSimulator
		{67ABAF57-EA7A-4E2E-A89C-23654294D9EC}.Debug|x64.ActiveCfg = Debug|iPhone
		{67ABAF57-EA7A-4E2E-A89C-23654294D9EC}.Debug|x86.ActiveCfg = Debug|iPhone
		{67ABAF57-EA7A-4E2E-A89C-23654294D9EC}.Release|Any CPU.ActiveCfg = Release|iPhone
		{67ABAF57-EA7A-4E2E-A89C-23654294D9EC}.Release|ARM.ActiveCfg = Release|iPhone
		{67ABAF57-EA7A-4E2E-A89C-23654294D9EC}.Release|iPhone.ActiveCfg = Release|iPhone
		{67ABAF57-EA7A-4E2E-A89C-23654294D9EC}.Release|iPhone.Build.0 = Release|iPhone
		{67ABAF57-EA7A-4E2E-A89C-23654294D9EC}.Release|iPhoneSimulator.ActiveCfg = Release|iPhoneSimulator
		{67ABAF57-EA7A-4E2E-A89C-23654294D9EC}.Release|iPhoneSimulator.Build.0 = Release|iPhoneSimulator
		{67ABAF57-EA7A-4E2E-A89C-23654294D9EC}.Release|x64.ActiveCfg = Release|iPhone
		{67ABAF57-EA7A-4E2E-A89C-23654294D9EC}.Release|x86.ActiveCfg = Release|iPhone
		{3556C630-B08A-4118-A9E2-5670E5645D2E}.Ad-Hoc|Any CPU.ActiveCfg = Release|x86
		{3556C630-B08A-4118-A9E2-5670E5645D2E}.Ad-Hoc|Any CPU.Build.0 = Release|x86
		{3556C630-B08A-4118-A9E2-5670E5645D2E}.Ad-Hoc|Any CPU.Deploy.0 = Release|x86
		{3556C630-B08A-4118-A9E2-5670E5645D2E}.Ad-Hoc|ARM.ActiveCfg = Release|ARM
		{3556C630-B08A-4118-A9E2-5670E5645D2E}.Ad-Hoc|ARM.Build.0 = Release|ARM
		{3556C630-B08A-4118-A9E2-5670E5645D2E}.Ad-Hoc|ARM.Deploy.0 = Release|ARM
		{3556C630-B08A-4118-A9E2-5670E5645D2E}.Ad-Hoc|iPhone.ActiveCfg = Release|x86
		{3556C630-B08A-4118-A9E2-5670E5645D2E}.Ad-Hoc|iPhone.Build.0 = Release|x86
		{3556C630-B08A-4118-A9E2-5670E5645D2E}.Ad-Hoc|iPhone.Deploy.0 = Release|x86
		{3556C630-B08A-4118-A9E2-5670E5645D2E}.Ad-Hoc|iPhoneSimulator.ActiveCfg = Release|x86
		{3556C630-B08A-4118-A9E2-5670E5645D2E}.Ad-Hoc|iPhoneSimulator.Build.0 = Release|x86
		{3556C630-B08A-4118-A9E2-5670E5645D2E}.Ad-Hoc|iPhoneSimulator.Deploy.0 = Release|x86
		{3556C630-B08A-4118-A9E2-5670E5645D2E}.Ad-Hoc|x64.ActiveCfg = Release|x64
		{3556C630-B08A-4118-A9E2-5670E5645D2E}.Ad-Hoc|x64.Build.0 = Release|x64
		{3556C630-B08A-4118-A9E2-5670E5645D2E}.Ad-Hoc|x64.Deploy.0 = Release|x64
		{3556C630-B08A-4118-A9E2-5670E5645D2E}.Ad-Hoc|x86.ActiveCfg = Release|x86
		{3556C630-B08A-4118-A9E2-5670E5645D2E}.Ad-Hoc|x86.Build.0 = Release|x86
		{3556C630-B08A-4118-A9E2-5670E5645D2E}.Ad-Hoc|x86.Deploy.0 = Release|x86
		{3556C630-B08A-4118-A9E2-5670E5645D2E}.AppStore|Any CPU.ActiveCfg = Release|x86
		{3556C630-B08A-4118-A9E2-5670E5645D2E}.AppStore|Any CPU.Build.0 = Release|x86
		{3556C630-B08A-4118-A9E2-5670E5645D2E}.AppStore|Any CPU.Deploy.0 = Release|x86
		{3556C630-B08A-4118-A9E2-5670E5645D2E}.AppStore|ARM.ActiveCfg = Release|ARM
		{3556C630-B08A-4118-A9E2-5670E5645D2E}.AppStore|ARM.Build.0 = Release|ARM
		{3556C630-B08A-4118-A9E2-5670E5645D2E}.AppStore|ARM.Deploy.0 = Release|ARM
		{3556C630-B08A-4118-A9E2-5670E5645D2E}.AppStore|iPhone.ActiveCfg = Release|x86
		{3556C630-B08A-4118-A9E2-5670E5645D2E}.AppStore|iPhone.Build.0 = Release|x86
		{3556C630-B08A-4118-A9E2-5670E5645D2E}.AppStore|iPhone.Deploy.0 = Release|x86
		{3556C630-B08A-4118-A9E2-5670E5645D2E}.AppStore|iPhoneSimulator.ActiveCfg = Release|x86
		{3556C630-B08A-4118-A9E2-5670E5645D2E}.AppStore|iPhoneSimulator.Build.0 = Release|x86
		{3556C630-B08A-4118-A9E2-5670E5645D2E}.AppStore|iPhoneSimulator.Deploy.0 = Release|x86
		{3556C630-B08A-4118-A9E2-5670E5645D2E}.AppStore|x64.ActiveCfg = Release|x64
		{3556C630-B08A-4118-A9E2-5670E5645D2E}.AppStore|x64.Build.0 = Release|x64
		{3556C630-B08A-4118-A9E2-5670E5645D2E}.AppStore|x64.Deploy.0 = Release|x64
		{3556C630-B08A-4118-A9E2-5670E5645D2E}.AppStore|x86.ActiveCfg = Release|x86
		{3556C630-B08A-4118-A9E2-5670E5645D2E}.AppStore|x86.Build.0 = Release|x86
		{3556C630-B08A-4118-A9E2-5670E5645D2E}.AppStore|x86.Deploy.0 = Release|x86
		{3556C630-B08A-4118-A9E2-5670E5645D2E}.Debug|Any CPU.ActiveCfg = Debug|x86
		{3556C630-B08A-4118-A9E2-5670E5645D2E}.Debug|ARM.ActiveCfg = Debug|ARM
		{3556C630-B08A-4118-A9E2-5670E5645D2E}.Debug|ARM.Build.0 = Debug|ARM
		{3556C630-B08A-4118-A9E2-5670E5645D2E}.Debug|ARM.Deploy.0 = Debug|ARM
		{3556C630-B08A-4118-A9E2-5670E5645D2E}.Debug|iPhone.ActiveCfg = Debug|x86
		{3556C630-B08A-4118-A9E2-5670E5645D2E}.Debug|iPhoneSimulator.ActiveCfg = Debug|x86
		{3556C630-B08A-4118-A9E2-5670E5645D2E}.Debug|x64.ActiveCfg = Debug|x64
		{3556C630-B08A-4118-A9E2-5670E5645D2E}.Debug|x64.Build.0 = Debug|x64
		{3556C630-B08A-4118-A9E2-5670E5645D2E}.Debug|x64.Deploy.0 = Debug|x64
		{3556C630-B08A-4118-A9E2-5670E5645D2E}.Debug|x86.ActiveCfg = Debug|x86
		{3556C630-B08A-4118-A9E2-5670E5645D2E}.Debug|x86.Build.0 = Debug|x86
		{3556C630-B08A-4118-A9E2-5670E5645D2E}.Debug|x86.Deploy.0 = Debug|x86
		{3556C630-B08A-4118-A9E2-5670E5645D2E}.Release|Any CPU.ActiveCfg = Release|x86
		{3556C630-B08A-4118-A9E2-5670E5645D2E}.Release|ARM.ActiveCfg = Release|ARM
		{3556C630-B08A-4118-A9E2-5670E5645D2E}.Release|ARM.Build.0 = Release|ARM
		{3556C630-B08A-4118-A9E2-5670E5645D2E}.Release|ARM.Deploy.0 = Release|ARM
		{3556C630-B08A-4118-A9E2-5670E5645D2E}.Release|iPhone.ActiveCfg = Release|x86
		{3556C630-B08A-4118-A9E2-5670E5645D2E}.Release|iPhoneSimulator.ActiveCfg = Release|x86
		{3556C630-B08A-4118-A9E2-5670E5645D2E}.Release|x64.ActiveCfg = Release|x64
		{3556C630-B08A-4118-A9E2-5670E5645D2E}.Release|x64.Build.0 = Release|x64
		{3556C630-B08A-4118-A9E2-5670E5645D2E}.Release|x64.Deploy.0 = Release|x64
		{3556C630-B08A-4118-A9E2-5670E5645D2E}.Release|x86.ActiveCfg = Release|x86
		{3556C630-B08A-4118-A9E2-5670E5645D2E}.Release|x86.Build.0 = Release|x86
		{3556C630-B08A-4118-A9E2-5670E5645D2E}.Release|x86.Deploy.0 = Release|x86
		{C009580B-0094-40D4-A332-C6E3C6242AD4}.Ad-Hoc|Any CPU.ActiveCfg = Release|Any CPU
		{C009580B-0094-40D4-A332-C6E3C6242AD4}.Ad-Hoc|Any CPU.Build.0 = Release|Any CPU
		{C009580B-0094-40D4-A332-C6E3C6242AD4}.Ad-Hoc|Any CPU.Deploy.0 = Release|Any CPU
		{C009580B-0094-40D4-A332-C6E3C6242AD4}.Ad-Hoc|ARM.ActiveCfg = Release|Any CPU
		{C009580B-0094-40D4-A332-C6E3C6242AD4}.Ad-Hoc|ARM.Build.0 = Release|Any CPU
		{C009580B-0094-40D4-A332-C6E3C6242AD4}.Ad-Hoc|ARM.Deploy.0 = Release|Any CPU
		{C009580B-0094-40D4-A332-C6E3C6242AD4}.Ad-Hoc|iPhone.ActiveCfg = Release|Any CPU
		{C009580B-0094-40D4-A332-C6E3C6242AD4}.Ad-Hoc|iPhone.Build.0 = Release|Any CPU
		{C009580B-0094-40D4-A332-C6E3C6242AD4}.Ad-Hoc|iPhone.Deploy.0 = Release|Any CPU
		{C009580B-0094-40D4-A332-C6E3C6242AD4}.Ad-Hoc|iPhoneSimulator.ActiveCfg = Release|Any CPU
		{C009580B-0094-40D4-A332-C6E3C6242AD4}.Ad-Hoc|iPhoneSimulator.Build.0 = Release|Any CPU
		{C009580B-0094-40D4-A332-C6E3C6242AD4}.Ad-Hoc|iPhoneSimulator.Deploy.0 = Release|Any CPU
		{C009580B-0094-40D4-A332-C6E3C6242AD4}.Ad-Hoc|x64.ActiveCfg = Release|Any CPU
		{C009580B-0094-40D4-A332-C6E3C6242AD4}.Ad-Hoc|x64.Build.0 = Release|Any CPU
		{C009580B-0094-40D4-A332-C6E3C6242AD4}.Ad-Hoc|x64.Deploy.0 = Release|Any CPU
		{C009580B-0094-40D4-A332-C6E3C6242AD4}.Ad-Hoc|x86.ActiveCfg = Release|Any CPU
		{C009580B-0094-40D4-A332-C6E3C6242AD4}.Ad-Hoc|x86.Build.0 = Release|Any CPU
		{C009580B-0094-40D4-A332-C6E3C6242AD4}.Ad-Hoc|x86.Deploy.0 = Release|Any CPU
		{C009580B-0094-40D4-A332-C6E3C6242AD4}.AppStore|Any CPU.ActiveCfg = Release|Any CPU
		{C009580B-0094-40D4-A332-C6E3C6242AD4}.AppStore|Any CPU.Build.0 = Release|Any CPU
		{C009580B-0094-40D4-A332-C6E3C6242AD4}.AppStore|Any CPU.Deploy.0 = Release|Any CPU
		{C009580B-0094-40D4-A332-C6E3C6242AD4}.AppStore|ARM.ActiveCfg = Release|Any CPU
		{C009580B-0094-40D4-A332-C6E3C6242AD4}.AppStore|ARM.Build.0 = Release|Any CPU
		{C009580B-0094-40D4-A332-C6E3C6242AD4}.AppStore|ARM.Deploy.0 = Release|Any CPU
		{C009580B-0094-40D4-A332-C6E3C6242AD4}.AppStore|iPhone.ActiveCfg = Release|Any CPU
		{C009580B-0094-40D4-A332-C6E3C6242AD4}.AppStore|iPhone.Build.0 = Release|Any CPU
		{C009580B-0094-40D4-A332-C6E3C6242AD4}.AppStore|iPhone.Deploy.0 = Release|Any CPU
		{C009580B-0094-40D4-A332-C6E3C6242AD4}.AppStore|iPhoneSimulator.ActiveCfg = Release|Any CPU
		{C009580B-0094-40D4-A332-C6E3C6242AD4}.AppStore|iPhoneSimulator.Build.0 = Release|Any CPU
		{C009580B-0094-40D4-A332-C6E3C6242AD4}.AppStore|iPhoneSimulator.Deploy.0 = Release|Any CPU
		{C009580B-0094-40D4-A332-C6E3C6242AD4}.AppStore|x64.ActiveCfg = Release|Any CPU
		{C009580B-0094-40D4-A332-C6E3C6242AD4}.AppStore|x64.Build.0 = Release|Any CPU
		{C009580B-0094-40D4-A332-C6E3C6242AD4}.AppStore|x64.Deploy.0 = Release|Any CPU
		{C009580B-0094-40D4-A332-C6E3C6242AD4}.AppStore|x86.ActiveCfg = Release|Any CPU
		{C009580B-0094-40D4-A332-C6E3C6242AD4}.AppStore|x86.Build.0 = Release|Any CPU
		{C009580B-0094-40D4-A332-C6E3C6242AD4}.AppStore|x86.Deploy.0 = Release|Any CPU
		{C009580B-0094-40D4-A332-C6E3C6242AD4}.Debug|Any CPU.ActiveCfg = Debug|Any CPU
		{C009580B-0094-40D4-A332-C6E3C6242AD4}.Debug|Any CPU.Build.0 = Debug|Any CPU
		{C009580B-0094-40D4-A332-C6E3C6242AD4}.Debug|Any CPU.Deploy.0 = Debug|Any CPU
		{C009580B-0094-40D4-A332-C6E3C6242AD4}.Debug|ARM.ActiveCfg = Debug|Any CPU
		{C009580B-0094-40D4-A332-C6E3C6242AD4}.Debug|ARM.Build.0 = Debug|Any CPU
		{C009580B-0094-40D4-A332-C6E3C6242AD4}.Debug|ARM.Deploy.0 = Debug|Any CPU
		{C009580B-0094-40D4-A332-C6E3C6242AD4}.Debug|iPhone.ActiveCfg = Debug|Any CPU
		{C009580B-0094-40D4-A332-C6E3C6242AD4}.Debug|iPhone.Build.0 = Debug|Any CPU
		{C009580B-0094-40D4-A332-C6E3C6242AD4}.Debug|iPhone.Deploy.0 = Debug|Any CPU
		{C009580B-0094-40D4-A332-C6E3C6242AD4}.Debug|iPhoneSimulator.ActiveCfg = Debug|Any CPU
		{C009580B-0094-40D4-A332-C6E3C6242AD4}.Debug|iPhoneSimulator.Build.0 = Debug|Any CPU
		{C009580B-0094-40D4-A332-C6E3C6242AD4}.Debug|iPhoneSimulator.Deploy.0 = Debug|Any CPU
		{C009580B-0094-40D4-A332-C6E3C6242AD4}.Debug|x64.ActiveCfg = Debug|Any CPU
		{C009580B-0094-40D4-A332-C6E3C6242AD4}.Debug|x64.Build.0 = Debug|Any CPU
		{C009580B-0094-40D4-A332-C6E3C6242AD4}.Debug|x64.Deploy.0 = Debug|Any CPU
		{C009580B-0094-40D4-A332-C6E3C6242AD4}.Debug|x86.ActiveCfg = Debug|Any CPU
		{C009580B-0094-40D4-A332-C6E3C6242AD4}.Debug|x86.Build.0 = Debug|Any CPU
		{C009580B-0094-40D4-A332-C6E3C6242AD4}.Debug|x86.Deploy.0 = Debug|Any CPU
		{C009580B-0094-40D4-A332-C6E3C6242AD4}.Release|Any CPU.ActiveCfg = Release|Any CPU
		{C009580B-0094-40D4-A332-C6E3C6242AD4}.Release|Any CPU.Build.0 = Release|Any CPU
		{C009580B-0094-40D4-A332-C6E3C6242AD4}.Release|Any CPU.Deploy.0 = Release|Any CPU
		{C009580B-0094-40D4-A332-C6E3C6242AD4}.Release|ARM.ActiveCfg = Release|Any CPU
		{C009580B-0094-40D4-A332-C6E3C6242AD4}.Release|ARM.Build.0 = Release|Any CPU
		{C009580B-0094-40D4-A332-C6E3C6242AD4}.Release|ARM.Deploy.0 = Release|Any CPU
		{C009580B-0094-40D4-A332-C6E3C6242AD4}.Release|iPhone.ActiveCfg = Release|Any CPU
		{C009580B-0094-40D4-A332-C6E3C6242AD4}.Release|iPhone.Build.0 = Release|Any CPU
		{C009580B-0094-40D4-A332-C6E3C6242AD4}.Release|iPhone.Deploy.0 = Release|Any CPU
		{C009580B-0094-40D4-A332-C6E3C6242AD4}.Release|iPhoneSimulator.ActiveCfg = Release|Any CPU
		{C009580B-0094-40D4-A332-C6E3C6242AD4}.Release|iPhoneSimulator.Build.0 = Release|Any CPU
		{C009580B-0094-40D4-A332-C6E3C6242AD4}.Release|iPhoneSimulator.Deploy.0 = Release|Any CPU
		{C009580B-0094-40D4-A332-C6E3C6242AD4}.Release|x64.ActiveCfg = Release|Any CPU
		{C009580B-0094-40D4-A332-C6E3C6242AD4}.Release|x64.Build.0 = Release|Any CPU
		{C009580B-0094-40D4-A332-C6E3C6242AD4}.Release|x64.Deploy.0 = Release|Any CPU
		{C009580B-0094-40D4-A332-C6E3C6242AD4}.Release|x86.ActiveCfg = Release|Any CPU
		{C009580B-0094-40D4-A332-C6E3C6242AD4}.Release|x86.Build.0 = Release|Any CPU
		{C009580B-0094-40D4-A332-C6E3C6242AD4}.Release|x86.Deploy.0 = Release|Any CPU
		{F8CC1138-7848-4BB9-9D66-8C5F25154900}.Ad-Hoc|Any CPU.ActiveCfg = Ad-Hoc|iPhone
		{F8CC1138-7848-4BB9-9D66-8C5F25154900}.Ad-Hoc|ARM.ActiveCfg = Ad-Hoc|iPhone
		{F8CC1138-7848-4BB9-9D66-8C5F25154900}.Ad-Hoc|iPhone.ActiveCfg = Ad-Hoc|iPhone
		{F8CC1138-7848-4BB9-9D66-8C5F25154900}.Ad-Hoc|iPhone.Build.0 = Ad-Hoc|iPhone
		{F8CC1138-7848-4BB9-9D66-8C5F25154900}.Ad-Hoc|iPhoneSimulator.ActiveCfg = Ad-Hoc|iPhoneSimulator
		{F8CC1138-7848-4BB9-9D66-8C5F25154900}.Ad-Hoc|iPhoneSimulator.Build.0 = Ad-Hoc|iPhoneSimulator
		{F8CC1138-7848-4BB9-9D66-8C5F25154900}.Ad-Hoc|x64.ActiveCfg = Ad-Hoc|iPhone
		{F8CC1138-7848-4BB9-9D66-8C5F25154900}.Ad-Hoc|x86.ActiveCfg = Ad-Hoc|iPhone
		{F8CC1138-7848-4BB9-9D66-8C5F25154900}.AppStore|Any CPU.ActiveCfg = AppStore|iPhone
		{F8CC1138-7848-4BB9-9D66-8C5F25154900}.AppStore|ARM.ActiveCfg = AppStore|iPhone
		{F8CC1138-7848-4BB9-9D66-8C5F25154900}.AppStore|iPhone.ActiveCfg = AppStore|iPhone
		{F8CC1138-7848-4BB9-9D66-8C5F25154900}.AppStore|iPhone.Build.0 = AppStore|iPhone
		{F8CC1138-7848-4BB9-9D66-8C5F25154900}.AppStore|iPhoneSimulator.ActiveCfg = AppStore|iPhoneSimulator
		{F8CC1138-7848-4BB9-9D66-8C5F25154900}.AppStore|iPhoneSimulator.Build.0 = AppStore|iPhoneSimulator
		{F8CC1138-7848-4BB9-9D66-8C5F25154900}.AppStore|x64.ActiveCfg = AppStore|iPhone
		{F8CC1138-7848-4BB9-9D66-8C5F25154900}.AppStore|x86.ActiveCfg = AppStore|iPhone
		{F8CC1138-7848-4BB9-9D66-8C5F25154900}.Debug|Any CPU.ActiveCfg = Debug|iPhone
		{F8CC1138-7848-4BB9-9D66-8C5F25154900}.Debug|ARM.ActiveCfg = Debug|iPhone
		{F8CC1138-7848-4BB9-9D66-8C5F25154900}.Debug|iPhone.ActiveCfg = Debug|iPhone
		{F8CC1138-7848-4BB9-9D66-8C5F25154900}.Debug|iPhone.Build.0 = Debug|iPhone
		{F8CC1138-7848-4BB9-9D66-8C5F25154900}.Debug|iPhoneSimulator.ActiveCfg = Debug|iPhoneSimulator
		{F8CC1138-7848-4BB9-9D66-8C5F25154900}.Debug|iPhoneSimulator.Build.0 = Debug|iPhoneSimulator
		{F8CC1138-7848-4BB9-9D66-8C5F25154900}.Debug|x64.ActiveCfg = Debug|iPhone
		{F8CC1138-7848-4BB9-9D66-8C5F25154900}.Debug|x86.ActiveCfg = Debug|iPhone
		{F8CC1138-7848-4BB9-9D66-8C5F25154900}.Release|Any CPU.ActiveCfg = Release|iPhone
		{F8CC1138-7848-4BB9-9D66-8C5F25154900}.Release|ARM.ActiveCfg = Release|iPhone
		{F8CC1138-7848-4BB9-9D66-8C5F25154900}.Release|iPhone.ActiveCfg = Release|iPhone
		{F8CC1138-7848-4BB9-9D66-8C5F25154900}.Release|iPhone.Build.0 = Release|iPhone
		{F8CC1138-7848-4BB9-9D66-8C5F25154900}.Release|iPhoneSimulator.ActiveCfg = Release|iPhoneSimulator
		{F8CC1138-7848-4BB9-9D66-8C5F25154900}.Release|iPhoneSimulator.Build.0 = Release|iPhoneSimulator
		{F8CC1138-7848-4BB9-9D66-8C5F25154900}.Release|x64.ActiveCfg = Release|iPhone
		{F8CC1138-7848-4BB9-9D66-8C5F25154900}.Release|x86.ActiveCfg = Release|iPhone
		{187CD6E9-5C5E-49C3-A316-430361ACA096}.Ad-Hoc|Any CPU.ActiveCfg = Release|Any CPU
		{187CD6E9-5C5E-49C3-A316-430361ACA096}.Ad-Hoc|Any CPU.Build.0 = Release|Any CPU
		{187CD6E9-5C5E-49C3-A316-430361ACA096}.Ad-Hoc|Any CPU.Deploy.0 = Release|Any CPU
		{187CD6E9-5C5E-49C3-A316-430361ACA096}.Ad-Hoc|ARM.ActiveCfg = Release|Any CPU
		{187CD6E9-5C5E-49C3-A316-430361ACA096}.Ad-Hoc|ARM.Build.0 = Release|Any CPU
		{187CD6E9-5C5E-49C3-A316-430361ACA096}.Ad-Hoc|ARM.Deploy.0 = Release|Any CPU
		{187CD6E9-5C5E-49C3-A316-430361ACA096}.Ad-Hoc|iPhone.ActiveCfg = Release|Any CPU
		{187CD6E9-5C5E-49C3-A316-430361ACA096}.Ad-Hoc|iPhone.Build.0 = Release|Any CPU
		{187CD6E9-5C5E-49C3-A316-430361ACA096}.Ad-Hoc|iPhone.Deploy.0 = Release|Any CPU
		{187CD6E9-5C5E-49C3-A316-430361ACA096}.Ad-Hoc|iPhoneSimulator.ActiveCfg = Release|Any CPU
		{187CD6E9-5C5E-49C3-A316-430361ACA096}.Ad-Hoc|iPhoneSimulator.Build.0 = Release|Any CPU
		{187CD6E9-5C5E-49C3-A316-430361ACA096}.Ad-Hoc|iPhoneSimulator.Deploy.0 = Release|Any CPU
		{187CD6E9-5C5E-49C3-A316-430361ACA096}.Ad-Hoc|x64.ActiveCfg = Release|Any CPU
		{187CD6E9-5C5E-49C3-A316-430361ACA096}.Ad-Hoc|x64.Build.0 = Release|Any CPU
		{187CD6E9-5C5E-49C3-A316-430361ACA096}.Ad-Hoc|x64.Deploy.0 = Release|Any CPU
		{187CD6E9-5C5E-49C3-A316-430361ACA096}.Ad-Hoc|x86.ActiveCfg = Release|Any CPU
		{187CD6E9-5C5E-49C3-A316-430361ACA096}.Ad-Hoc|x86.Build.0 = Release|Any CPU
		{187CD6E9-5C5E-49C3-A316-430361ACA096}.Ad-Hoc|x86.Deploy.0 = Release|Any CPU
		{187CD6E9-5C5E-49C3-A316-430361ACA096}.AppStore|Any CPU.ActiveCfg = Release|Any CPU
		{187CD6E9-5C5E-49C3-A316-430361ACA096}.AppStore|Any CPU.Build.0 = Release|Any CPU
		{187CD6E9-5C5E-49C3-A316-430361ACA096}.AppStore|Any CPU.Deploy.0 = Release|Any CPU
		{187CD6E9-5C5E-49C3-A316-430361ACA096}.AppStore|ARM.ActiveCfg = Release|Any CPU
		{187CD6E9-5C5E-49C3-A316-430361ACA096}.AppStore|ARM.Build.0 = Release|Any CPU
		{187CD6E9-5C5E-49C3-A316-430361ACA096}.AppStore|ARM.Deploy.0 = Release|Any CPU
		{187CD6E9-5C5E-49C3-A316-430361ACA096}.AppStore|iPhone.ActiveCfg = Release|Any CPU
		{187CD6E9-5C5E-49C3-A316-430361ACA096}.AppStore|iPhone.Build.0 = Release|Any CPU
		{187CD6E9-5C5E-49C3-A316-430361ACA096}.AppStore|iPhone.Deploy.0 = Release|Any CPU
		{187CD6E9-5C5E-49C3-A316-430361ACA096}.AppStore|iPhoneSimulator.ActiveCfg = Release|Any CPU
		{187CD6E9-5C5E-49C3-A316-430361ACA096}.AppStore|iPhoneSimulator.Build.0 = Release|Any CPU
		{187CD6E9-5C5E-49C3-A316-430361ACA096}.AppStore|iPhoneSimulator.Deploy.0 = Release|Any CPU
		{187CD6E9-5C5E-49C3-A316-430361ACA096}.AppStore|x64.ActiveCfg = Release|Any CPU
		{187CD6E9-5C5E-49C3-A316-430361ACA096}.AppStore|x64.Build.0 = Release|Any CPU
		{187CD6E9-5C5E-49C3-A316-430361ACA096}.AppStore|x64.Deploy.0 = Release|Any CPU
		{187CD6E9-5C5E-49C3-A316-430361ACA096}.AppStore|x86.ActiveCfg = Release|Any CPU
		{187CD6E9-5C5E-49C3-A316-430361ACA096}.AppStore|x86.Build.0 = Release|Any CPU
		{187CD6E9-5C5E-49C3-A316-430361ACA096}.AppStore|x86.Deploy.0 = Release|Any CPU
		{187CD6E9-5C5E-49C3-A316-430361ACA096}.Debug|Any CPU.ActiveCfg = Debug|Any CPU
		{187CD6E9-5C5E-49C3-A316-430361ACA096}.Debug|Any CPU.Build.0 = Debug|Any CPU
		{187CD6E9-5C5E-49C3-A316-430361ACA096}.Debug|Any CPU.Deploy.0 = Debug|Any CPU
		{187CD6E9-5C5E-49C3-A316-430361ACA096}.Debug|ARM.ActiveCfg = Debug|Any CPU
		{187CD6E9-5C5E-49C3-A316-430361ACA096}.Debug|ARM.Build.0 = Debug|Any CPU
		{187CD6E9-5C5E-49C3-A316-430361ACA096}.Debug|ARM.Deploy.0 = Debug|Any CPU
		{187CD6E9-5C5E-49C3-A316-430361ACA096}.Debug|iPhone.ActiveCfg = Debug|Any CPU
		{187CD6E9-5C5E-49C3-A316-430361ACA096}.Debug|iPhone.Build.0 = Debug|Any CPU
		{187CD6E9-5C5E-49C3-A316-430361ACA096}.Debug|iPhone.Deploy.0 = Debug|Any CPU
		{187CD6E9-5C5E-49C3-A316-430361ACA096}.Debug|iPhoneSimulator.ActiveCfg = Debug|Any CPU
		{187CD6E9-5C5E-49C3-A316-430361ACA096}.Debug|iPhoneSimulator.Build.0 = Debug|Any CPU
		{187CD6E9-5C5E-49C3-A316-430361ACA096}.Debug|iPhoneSimulator.Deploy.0 = Debug|Any CPU
		{187CD6E9-5C5E-49C3-A316-430361ACA096}.Debug|x64.ActiveCfg = Debug|Any CPU
		{187CD6E9-5C5E-49C3-A316-430361ACA096}.Debug|x64.Build.0 = Debug|Any CPU
		{187CD6E9-5C5E-49C3-A316-430361ACA096}.Debug|x64.Deploy.0 = Debug|Any CPU
		{187CD6E9-5C5E-49C3-A316-430361ACA096}.Debug|x86.ActiveCfg = Debug|Any CPU
		{187CD6E9-5C5E-49C3-A316-430361ACA096}.Debug|x86.Build.0 = Debug|Any CPU
		{187CD6E9-5C5E-49C3-A316-430361ACA096}.Debug|x86.Deploy.0 = Debug|Any CPU
		{187CD6E9-5C5E-49C3-A316-430361ACA096}.Release|Any CPU.ActiveCfg = Release|Any CPU
		{187CD6E9-5C5E-49C3-A316-430361ACA096}.Release|Any CPU.Build.0 = Release|Any CPU
		{187CD6E9-5C5E-49C3-A316-430361ACA096}.Release|Any CPU.Deploy.0 = Release|Any CPU
		{187CD6E9-5C5E-49C3-A316-430361ACA096}.Release|ARM.ActiveCfg = Release|Any CPU
		{187CD6E9-5C5E-49C3-A316-430361ACA096}.Release|ARM.Build.0 = Release|Any CPU
		{187CD6E9-5C5E-49C3-A316-430361ACA096}.Release|ARM.Deploy.0 = Release|Any CPU
		{187CD6E9-5C5E-49C3-A316-430361ACA096}.Release|iPhone.ActiveCfg = Release|Any CPU
		{187CD6E9-5C5E-49C3-A316-430361ACA096}.Release|iPhone.Build.0 = Release|Any CPU
		{187CD6E9-5C5E-49C3-A316-430361ACA096}.Release|iPhone.Deploy.0 = Release|Any CPU
		{187CD6E9-5C5E-49C3-A316-430361ACA096}.Release|iPhoneSimulator.ActiveCfg = Release|Any CPU
		{187CD6E9-5C5E-49C3-A316-430361ACA096}.Release|iPhoneSimulator.Build.0 = Release|Any CPU
		{187CD6E9-5C5E-49C3-A316-430361ACA096}.Release|iPhoneSimulator.Deploy.0 = Release|Any CPU
		{187CD6E9-5C5E-49C3-A316-430361ACA096}.Release|x64.ActiveCfg = Release|Any CPU
		{187CD6E9-5C5E-49C3-A316-430361ACA096}.Release|x64.Build.0 = Release|Any CPU
		{187CD6E9-5C5E-49C3-A316-430361ACA096}.Release|x64.Deploy.0 = Release|Any CPU
		{187CD6E9-5C5E-49C3-A316-430361ACA096}.Release|x86.ActiveCfg = Release|Any CPU
		{187CD6E9-5C5E-49C3-A316-430361ACA096}.Release|x86.Build.0 = Release|Any CPU
		{187CD6E9-5C5E-49C3-A316-430361ACA096}.Release|x86.Deploy.0 = Release|Any CPU
		{ECAEB9A3-4EEA-4ED3-8829-A5E7F25112E5}.Ad-Hoc|Any CPU.ActiveCfg = Ad-Hoc|iPhone
		{ECAEB9A3-4EEA-4ED3-8829-A5E7F25112E5}.Ad-Hoc|ARM.ActiveCfg = Ad-Hoc|iPhone
		{ECAEB9A3-4EEA-4ED3-8829-A5E7F25112E5}.Ad-Hoc|iPhone.ActiveCfg = Ad-Hoc|iPhone
		{ECAEB9A3-4EEA-4ED3-8829-A5E7F25112E5}.Ad-Hoc|iPhone.Build.0 = Ad-Hoc|iPhone
		{ECAEB9A3-4EEA-4ED3-8829-A5E7F25112E5}.Ad-Hoc|iPhoneSimulator.ActiveCfg = Ad-Hoc|iPhoneSimulator
		{ECAEB9A3-4EEA-4ED3-8829-A5E7F25112E5}.Ad-Hoc|iPhoneSimulator.Build.0 = Ad-Hoc|iPhoneSimulator
		{ECAEB9A3-4EEA-4ED3-8829-A5E7F25112E5}.Ad-Hoc|x64.ActiveCfg = Ad-Hoc|iPhone
		{ECAEB9A3-4EEA-4ED3-8829-A5E7F25112E5}.Ad-Hoc|x86.ActiveCfg = Ad-Hoc|iPhone
		{ECAEB9A3-4EEA-4ED3-8829-A5E7F25112E5}.AppStore|Any CPU.ActiveCfg = AppStore|iPhone
		{ECAEB9A3-4EEA-4ED3-8829-A5E7F25112E5}.AppStore|ARM.ActiveCfg = AppStore|iPhone
		{ECAEB9A3-4EEA-4ED3-8829-A5E7F25112E5}.AppStore|iPhone.ActiveCfg = AppStore|iPhone
		{ECAEB9A3-4EEA-4ED3-8829-A5E7F25112E5}.AppStore|iPhone.Build.0 = AppStore|iPhone
		{ECAEB9A3-4EEA-4ED3-8829-A5E7F25112E5}.AppStore|iPhoneSimulator.ActiveCfg = AppStore|iPhoneSimulator
		{ECAEB9A3-4EEA-4ED3-8829-A5E7F25112E5}.AppStore|iPhoneSimulator.Build.0 = AppStore|iPhoneSimulator
		{ECAEB9A3-4EEA-4ED3-8829-A5E7F25112E5}.AppStore|x64.ActiveCfg = AppStore|iPhone
		{ECAEB9A3-4EEA-4ED3-8829-A5E7F25112E5}.AppStore|x86.ActiveCfg = AppStore|iPhone
		{ECAEB9A3-4EEA-4ED3-8829-A5E7F25112E5}.Debug|Any CPU.ActiveCfg = Debug|iPhone
		{ECAEB9A3-4EEA-4ED3-8829-A5E7F25112E5}.Debug|ARM.ActiveCfg = Debug|iPhone
		{ECAEB9A3-4EEA-4ED3-8829-A5E7F25112E5}.Debug|iPhone.ActiveCfg = Debug|iPhone
		{ECAEB9A3-4EEA-4ED3-8829-A5E7F25112E5}.Debug|iPhone.Build.0 = Debug|iPhone
		{ECAEB9A3-4EEA-4ED3-8829-A5E7F25112E5}.Debug|iPhoneSimulator.ActiveCfg = Debug|iPhoneSimulator
		{ECAEB9A3-4EEA-4ED3-8829-A5E7F25112E5}.Debug|iPhoneSimulator.Build.0 = Debug|iPhoneSimulator
		{ECAEB9A3-4EEA-4ED3-8829-A5E7F25112E5}.Debug|x64.ActiveCfg = Debug|iPhone
		{ECAEB9A3-4EEA-4ED3-8829-A5E7F25112E5}.Debug|x86.ActiveCfg = Debug|iPhone
		{ECAEB9A3-4EEA-4ED3-8829-A5E7F25112E5}.Release|Any CPU.ActiveCfg = Release|iPhone
		{ECAEB9A3-4EEA-4ED3-8829-A5E7F25112E5}.Release|ARM.ActiveCfg = Release|iPhone
		{ECAEB9A3-4EEA-4ED3-8829-A5E7F25112E5}.Release|iPhone.ActiveCfg = Release|iPhone
		{ECAEB9A3-4EEA-4ED3-8829-A5E7F25112E5}.Release|iPhone.Build.0 = Release|iPhone
		{ECAEB9A3-4EEA-4ED3-8829-A5E7F25112E5}.Release|iPhoneSimulator.ActiveCfg = Release|iPhoneSimulator
		{ECAEB9A3-4EEA-4ED3-8829-A5E7F25112E5}.Release|iPhoneSimulator.Build.0 = Release|iPhoneSimulator
		{ECAEB9A3-4EEA-4ED3-8829-A5E7F25112E5}.Release|x64.ActiveCfg = Release|iPhone
		{ECAEB9A3-4EEA-4ED3-8829-A5E7F25112E5}.Release|x86.ActiveCfg = Release|iPhone
		{FBCBF6F5-B0CD-4B7B-AAE5-A7B736BE589D}.Ad-Hoc|Any CPU.ActiveCfg = Release|Any CPU
		{FBCBF6F5-B0CD-4B7B-AAE5-A7B736BE589D}.Ad-Hoc|Any CPU.Build.0 = Release|Any CPU
		{FBCBF6F5-B0CD-4B7B-AAE5-A7B736BE589D}.Ad-Hoc|Any CPU.Deploy.0 = Release|Any CPU
		{FBCBF6F5-B0CD-4B7B-AAE5-A7B736BE589D}.Ad-Hoc|ARM.ActiveCfg = Release|Any CPU
		{FBCBF6F5-B0CD-4B7B-AAE5-A7B736BE589D}.Ad-Hoc|ARM.Build.0 = Release|Any CPU
		{FBCBF6F5-B0CD-4B7B-AAE5-A7B736BE589D}.Ad-Hoc|ARM.Deploy.0 = Release|Any CPU
		{FBCBF6F5-B0CD-4B7B-AAE5-A7B736BE589D}.Ad-Hoc|iPhone.ActiveCfg = Release|Any CPU
		{FBCBF6F5-B0CD-4B7B-AAE5-A7B736BE589D}.Ad-Hoc|iPhone.Build.0 = Release|Any CPU
		{FBCBF6F5-B0CD-4B7B-AAE5-A7B736BE589D}.Ad-Hoc|iPhone.Deploy.0 = Release|Any CPU
		{FBCBF6F5-B0CD-4B7B-AAE5-A7B736BE589D}.Ad-Hoc|iPhoneSimulator.ActiveCfg = Release|Any CPU
		{FBCBF6F5-B0CD-4B7B-AAE5-A7B736BE589D}.Ad-Hoc|iPhoneSimulator.Build.0 = Release|Any CPU
		{FBCBF6F5-B0CD-4B7B-AAE5-A7B736BE589D}.Ad-Hoc|iPhoneSimulator.Deploy.0 = Release|Any CPU
		{FBCBF6F5-B0CD-4B7B-AAE5-A7B736BE589D}.Ad-Hoc|x64.ActiveCfg = Release|Any CPU
		{FBCBF6F5-B0CD-4B7B-AAE5-A7B736BE589D}.Ad-Hoc|x64.Build.0 = Release|Any CPU
		{FBCBF6F5-B0CD-4B7B-AAE5-A7B736BE589D}.Ad-Hoc|x64.Deploy.0 = Release|Any CPU
		{FBCBF6F5-B0CD-4B7B-AAE5-A7B736BE589D}.Ad-Hoc|x86.ActiveCfg = Release|Any CPU
		{FBCBF6F5-B0CD-4B7B-AAE5-A7B736BE589D}.Ad-Hoc|x86.Build.0 = Release|Any CPU
		{FBCBF6F5-B0CD-4B7B-AAE5-A7B736BE589D}.Ad-Hoc|x86.Deploy.0 = Release|Any CPU
		{FBCBF6F5-B0CD-4B7B-AAE5-A7B736BE589D}.AppStore|Any CPU.ActiveCfg = Release|Any CPU
		{FBCBF6F5-B0CD-4B7B-AAE5-A7B736BE589D}.AppStore|Any CPU.Build.0 = Release|Any CPU
		{FBCBF6F5-B0CD-4B7B-AAE5-A7B736BE589D}.AppStore|Any CPU.Deploy.0 = Release|Any CPU
		{FBCBF6F5-B0CD-4B7B-AAE5-A7B736BE589D}.AppStore|ARM.ActiveCfg = Release|Any CPU
		{FBCBF6F5-B0CD-4B7B-AAE5-A7B736BE589D}.AppStore|ARM.Build.0 = Release|Any CPU
		{FBCBF6F5-B0CD-4B7B-AAE5-A7B736BE589D}.AppStore|ARM.Deploy.0 = Release|Any CPU
		{FBCBF6F5-B0CD-4B7B-AAE5-A7B736BE589D}.AppStore|iPhone.ActiveCfg = Release|Any CPU
		{FBCBF6F5-B0CD-4B7B-AAE5-A7B736BE589D}.AppStore|iPhone.Build.0 = Release|Any CPU
		{FBCBF6F5-B0CD-4B7B-AAE5-A7B736BE589D}.AppStore|iPhone.Deploy.0 = Release|Any CPU
		{FBCBF6F5-B0CD-4B7B-AAE5-A7B736BE589D}.AppStore|iPhoneSimulator.ActiveCfg = Release|Any CPU
		{FBCBF6F5-B0CD-4B7B-AAE5-A7B736BE589D}.AppStore|iPhoneSimulator.Build.0 = Release|Any CPU
		{FBCBF6F5-B0CD-4B7B-AAE5-A7B736BE589D}.AppStore|iPhoneSimulator.Deploy.0 = Release|Any CPU
		{FBCBF6F5-B0CD-4B7B-AAE5-A7B736BE589D}.AppStore|x64.ActiveCfg = Release|Any CPU
		{FBCBF6F5-B0CD-4B7B-AAE5-A7B736BE589D}.AppStore|x64.Build.0 = Release|Any CPU
		{FBCBF6F5-B0CD-4B7B-AAE5-A7B736BE589D}.AppStore|x64.Deploy.0 = Release|Any CPU
		{FBCBF6F5-B0CD-4B7B-AAE5-A7B736BE589D}.AppStore|x86.ActiveCfg = Release|Any CPU
		{FBCBF6F5-B0CD-4B7B-AAE5-A7B736BE589D}.AppStore|x86.Build.0 = Release|Any CPU
		{FBCBF6F5-B0CD-4B7B-AAE5-A7B736BE589D}.AppStore|x86.Deploy.0 = Release|Any CPU
		{FBCBF6F5-B0CD-4B7B-AAE5-A7B736BE589D}.Debug|Any CPU.ActiveCfg = Debug|Any CPU
		{FBCBF6F5-B0CD-4B7B-AAE5-A7B736BE589D}.Debug|Any CPU.Build.0 = Debug|Any CPU
		{FBCBF6F5-B0CD-4B7B-AAE5-A7B736BE589D}.Debug|Any CPU.Deploy.0 = Debug|Any CPU
		{FBCBF6F5-B0CD-4B7B-AAE5-A7B736BE589D}.Debug|ARM.ActiveCfg = Debug|Any CPU
		{FBCBF6F5-B0CD-4B7B-AAE5-A7B736BE589D}.Debug|ARM.Build.0 = Debug|Any CPU
		{FBCBF6F5-B0CD-4B7B-AAE5-A7B736BE589D}.Debug|ARM.Deploy.0 = Debug|Any CPU
		{FBCBF6F5-B0CD-4B7B-AAE5-A7B736BE589D}.Debug|iPhone.ActiveCfg = Debug|Any CPU
		{FBCBF6F5-B0CD-4B7B-AAE5-A7B736BE589D}.Debug|iPhone.Build.0 = Debug|Any CPU
		{FBCBF6F5-B0CD-4B7B-AAE5-A7B736BE589D}.Debug|iPhone.Deploy.0 = Debug|Any CPU
		{FBCBF6F5-B0CD-4B7B-AAE5-A7B736BE589D}.Debug|iPhoneSimulator.ActiveCfg = Debug|Any CPU
		{FBCBF6F5-B0CD-4B7B-AAE5-A7B736BE589D}.Debug|iPhoneSimulator.Build.0 = Debug|Any CPU
		{FBCBF6F5-B0CD-4B7B-AAE5-A7B736BE589D}.Debug|iPhoneSimulator.Deploy.0 = Debug|Any CPU
		{FBCBF6F5-B0CD-4B7B-AAE5-A7B736BE589D}.Debug|x64.ActiveCfg = Debug|Any CPU
		{FBCBF6F5-B0CD-4B7B-AAE5-A7B736BE589D}.Debug|x64.Build.0 = Debug|Any CPU
		{FBCBF6F5-B0CD-4B7B-AAE5-A7B736BE589D}.Debug|x64.Deploy.0 = Debug|Any CPU
		{FBCBF6F5-B0CD-4B7B-AAE5-A7B736BE589D}.Debug|x86.ActiveCfg = Debug|Any CPU
		{FBCBF6F5-B0CD-4B7B-AAE5-A7B736BE589D}.Debug|x86.Build.0 = Debug|Any CPU
		{FBCBF6F5-B0CD-4B7B-AAE5-A7B736BE589D}.Debug|x86.Deploy.0 = Debug|Any CPU
		{FBCBF6F5-B0CD-4B7B-AAE5-A7B736BE589D}.Release|Any CPU.ActiveCfg = Release|Any CPU
		{FBCBF6F5-B0CD-4B7B-AAE5-A7B736BE589D}.Release|Any CPU.Build.0 = Release|Any CPU
		{FBCBF6F5-B0CD-4B7B-AAE5-A7B736BE589D}.Release|Any CPU.Deploy.0 = Release|Any CPU
		{FBCBF6F5-B0CD-4B7B-AAE5-A7B736BE589D}.Release|ARM.ActiveCfg = Release|Any CPU
		{FBCBF6F5-B0CD-4B7B-AAE5-A7B736BE589D}.Release|ARM.Build.0 = Release|Any CPU
		{FBCBF6F5-B0CD-4B7B-AAE5-A7B736BE589D}.Release|ARM.Deploy.0 = Release|Any CPU
		{FBCBF6F5-B0CD-4B7B-AAE5-A7B736BE589D}.Release|iPhone.ActiveCfg = Release|Any CPU
		{FBCBF6F5-B0CD-4B7B-AAE5-A7B736BE589D}.Release|iPhone.Build.0 = Release|Any CPU
		{FBCBF6F5-B0CD-4B7B-AAE5-A7B736BE589D}.Release|iPhone.Deploy.0 = Release|Any CPU
		{FBCBF6F5-B0CD-4B7B-AAE5-A7B736BE589D}.Release|iPhoneSimulator.ActiveCfg = Release|Any CPU
		{FBCBF6F5-B0CD-4B7B-AAE5-A7B736BE589D}.Release|iPhoneSimulator.Build.0 = Release|Any CPU
		{FBCBF6F5-B0CD-4B7B-AAE5-A7B736BE589D}.Release|iPhoneSimulator.Deploy.0 = Release|Any CPU
		{FBCBF6F5-B0CD-4B7B-AAE5-A7B736BE589D}.Release|x64.ActiveCfg = Release|Any CPU
		{FBCBF6F5-B0CD-4B7B-AAE5-A7B736BE589D}.Release|x64.Build.0 = Release|Any CPU
		{FBCBF6F5-B0CD-4B7B-AAE5-A7B736BE589D}.Release|x64.Deploy.0 = Release|Any CPU
		{FBCBF6F5-B0CD-4B7B-AAE5-A7B736BE589D}.Release|x86.ActiveCfg = Release|Any CPU
		{FBCBF6F5-B0CD-4B7B-AAE5-A7B736BE589D}.Release|x86.Build.0 = Release|Any CPU
		{FBCBF6F5-B0CD-4B7B-AAE5-A7B736BE589D}.Release|x86.Deploy.0 = Release|Any CPU
		{F572A597-1E99-4856-BC7D-C59CA8045CC1}.Ad-Hoc|Any CPU.ActiveCfg = Ad-Hoc|iPhone
		{F572A597-1E99-4856-BC7D-C59CA8045CC1}.Ad-Hoc|ARM.ActiveCfg = Ad-Hoc|iPhone
		{F572A597-1E99-4856-BC7D-C59CA8045CC1}.Ad-Hoc|iPhone.ActiveCfg = Ad-Hoc|iPhone
		{F572A597-1E99-4856-BC7D-C59CA8045CC1}.Ad-Hoc|iPhone.Build.0 = Ad-Hoc|iPhone
		{F572A597-1E99-4856-BC7D-C59CA8045CC1}.Ad-Hoc|iPhoneSimulator.ActiveCfg = Ad-Hoc|iPhoneSimulator
		{F572A597-1E99-4856-BC7D-C59CA8045CC1}.Ad-Hoc|iPhoneSimulator.Build.0 = Ad-Hoc|iPhoneSimulator
		{F572A597-1E99-4856-BC7D-C59CA8045CC1}.Ad-Hoc|x64.ActiveCfg = Ad-Hoc|iPhone
		{F572A597-1E99-4856-BC7D-C59CA8045CC1}.Ad-Hoc|x86.ActiveCfg = Ad-Hoc|iPhone
		{F572A597-1E99-4856-BC7D-C59CA8045CC1}.AppStore|Any CPU.ActiveCfg = AppStore|iPhone
		{F572A597-1E99-4856-BC7D-C59CA8045CC1}.AppStore|ARM.ActiveCfg = AppStore|iPhone
		{F572A597-1E99-4856-BC7D-C59CA8045CC1}.AppStore|iPhone.ActiveCfg = AppStore|iPhone
		{F572A597-1E99-4856-BC7D-C59CA8045CC1}.AppStore|iPhone.Build.0 = AppStore|iPhone
		{F572A597-1E99-4856-BC7D-C59CA8045CC1}.AppStore|iPhoneSimulator.ActiveCfg = AppStore|iPhoneSimulator
		{F572A597-1E99-4856-BC7D-C59CA8045CC1}.AppStore|iPhoneSimulator.Build.0 = AppStore|iPhoneSimulator
		{F572A597-1E99-4856-BC7D-C59CA8045CC1}.AppStore|x64.ActiveCfg = AppStore|iPhone
		{F572A597-1E99-4856-BC7D-C59CA8045CC1}.AppStore|x86.ActiveCfg = AppStore|iPhone
		{F572A597-1E99-4856-BC7D-C59CA8045CC1}.Debug|Any CPU.ActiveCfg = Debug|iPhone
		{F572A597-1E99-4856-BC7D-C59CA8045CC1}.Debug|ARM.ActiveCfg = Debug|iPhone
		{F572A597-1E99-4856-BC7D-C59CA8045CC1}.Debug|iPhone.ActiveCfg = Debug|iPhone
		{F572A597-1E99-4856-BC7D-C59CA8045CC1}.Debug|iPhone.Build.0 = Debug|iPhone
		{F572A597-1E99-4856-BC7D-C59CA8045CC1}.Debug|iPhoneSimulator.ActiveCfg = Debug|iPhoneSimulator
		{F572A597-1E99-4856-BC7D-C59CA8045CC1}.Debug|iPhoneSimulator.Build.0 = Debug|iPhoneSimulator
		{F572A597-1E99-4856-BC7D-C59CA8045CC1}.Debug|x64.ActiveCfg = Debug|iPhone
		{F572A597-1E99-4856-BC7D-C59CA8045CC1}.Debug|x86.ActiveCfg = Debug|iPhone
		{F572A597-1E99-4856-BC7D-C59CA8045CC1}.Release|Any CPU.ActiveCfg = Release|iPhone
		{F572A597-1E99-4856-BC7D-C59CA8045CC1}.Release|ARM.ActiveCfg = Release|iPhone
		{F572A597-1E99-4856-BC7D-C59CA8045CC1}.Release|iPhone.ActiveCfg = Release|iPhone
		{F572A597-1E99-4856-BC7D-C59CA8045CC1}.Release|iPhone.Build.0 = Release|iPhone
		{F572A597-1E99-4856-BC7D-C59CA8045CC1}.Release|iPhoneSimulator.ActiveCfg = Release|iPhoneSimulator
		{F572A597-1E99-4856-BC7D-C59CA8045CC1}.Release|iPhoneSimulator.Build.0 = Release|iPhoneSimulator
		{F572A597-1E99-4856-BC7D-C59CA8045CC1}.Release|x64.ActiveCfg = Release|iPhone
		{F572A597-1E99-4856-BC7D-C59CA8045CC1}.Release|x86.ActiveCfg = Release|iPhone
	EndGlobalSection
	GlobalSection(SolutionProperties) = preSolution
		HideSolutionNode = FALSE
	EndGlobalSection
	GlobalSection(ExtensibilityGlobals) = postSolution
		SolutionGuid = {32B3BF28-6A55-4D6D-8E84-7FF55BFBD592}
	EndGlobalSection
EndGlobal
